
Microsoft Visual Studio Solution File, Format Version 12.00
# Visual Studio Version 17
VisualStudioVersion = 17.7.34221.43
MinimumVisualStudioVersion = 10.0.40219.1
Project("{FAE04EC0-301F-11D3-BF4B-00C04F79EFBC}") = "Contacts.Maui", "Contacts.Maui\Contacts.Maui.csproj", "{B226F868-C12A-43EF-8CA0-B41B35BC312B}"
EndProject
Global
	GlobalSection(SolutionConfigurationPlatforms) = preSolution
		Debug|Any CPU = Debug|Any CPU
		Release|Any CPU = Release|Any CPU
	EndGlobalSection
	GlobalSection(ProjectConfigurationPlatforms) = postSolution
		{B226F868-C12A-43EF-8CA0-B41B35BC312B}.Debug|Any CPU.ActiveCfg = Debug|Any CPU
		{B226F868-C12A-43EF-8CA0-B41B35BC312B}.Debug|Any CPU.Build.0 = Debug|Any CPU
		{B226F868-C12A-43EF-8CA0-B41B35BC312B}.Debug|Any CPU.Deploy.0 = Debug|Any CPU
		{B226F868-C12A-43EF-8CA0-B41B35BC312B}.Release|Any CPU.ActiveCfg = Release|Any CPU
		{B226F868-C12A-43EF-8CA0-B41B35BC312B}.Release|Any CPU.Build.0 = Release|Any CPU
		{B226F868-C12A-43EF-8CA0-B41B35BC312B}.Release|Any CPU.Deploy.0 = Release|Any CPU
	EndGlobalSection
	GlobalSection(SolutionProperties) = preSolution
		HideSolutionNode = FALSE
	EndGlobalSection
	GlobalSection(ExtensibilityGlobals) = postSolution
		SolutionGuid = {5843C7AA-BBA3-4BEA-9BA0-4C0DC3B1865C}
	EndGlobalSection
EndGlobal
